// !$*UTF8*$!
{
	archiveVersion = 1;
	classes = {
	};
	objectVersion = 46;
	objects = {

/* Begin PBXBuildFile section */
		8B022EBB185D637F00E9E01A /* Foundation.framework in Frameworks */ = {isa = PBXBuildFile; fileRef = 8B022EBA185D637F00E9E01A /* Foundation.framework */; };
		8B022EBD185D637F00E9E01A /* CoreGraphics.framework in Frameworks */ = {isa = PBXBuildFile; fileRef = 8B022EBC185D637F00E9E01A /* CoreGraphics.framework */; };
		8B022EBF185D637F00E9E01A /* UIKit.framework in Frameworks */ = {isa = PBXBuildFile; fileRef = 8B022EBE185D637F00E9E01A /* UIKit.framework */; };
		8B022EC5185D637F00E9E01A /* InfoPlist.strings in Resources */ = {isa = PBXBuildFile; fileRef = 8B022EC3185D637F00E9E01A /* InfoPlist.strings */; };
		8B022EC7185D637F00E9E01A /* main.m in Sources */ = {isa = PBXBuildFile; fileRef = 8B022EC6185D637F00E9E01A /* main.m */; };
		8B022ECB185D638000E9E01A /* MTVAppDelegate.m in Sources */ = {isa = PBXBuildFile; fileRef = 8B022ECA185D638000E9E01A /* MTVAppDelegate.m */; };
		8B022ECE185D638000E9E01A /* Main.storyboard in Resources */ = {isa = PBXBuildFile; fileRef = 8B022ECC185D638000E9E01A /* Main.storyboard */; };
		8B022ED1185D638000E9E01A /* MTVViewController.m in Sources */ = {isa = PBXBuildFile; fileRef = 8B022ED0185D638000E9E01A /* MTVViewController.m */; };
		8B022ED3185D638000E9E01A /* Images.xcassets in Resources */ = {isa = PBXBuildFile; fileRef = 8B022ED2185D638000E9E01A /* Images.xcassets */; };
		8B022EDA185D638000E9E01A /* XCTest.framework in Frameworks */ = {isa = PBXBuildFile; fileRef = 8B022ED9185D638000E9E01A /* XCTest.framework */; };
		8B022EDB185D638000E9E01A /* Foundation.framework in Frameworks */ = {isa = PBXBuildFile; fileRef = 8B022EBA185D637F00E9E01A /* Foundation.framework */; };
		8B022EDC185D638000E9E01A /* UIKit.framework in Frameworks */ = {isa = PBXBuildFile; fileRef = 8B022EBE185D637F00E9E01A /* UIKit.framework */; };
		8B022EE4185D638000E9E01A /* InfoPlist.strings in Resources */ = {isa = PBXBuildFile; fileRef = 8B022EE2185D638000E9E01A /* InfoPlist.strings */; };
		8B022EE6185D638000E9E01A /* N_SyncTests.m in Sources */ = {isa = PBXBuildFile; fileRef = 8B022EE5185D638000E9E01A /* N_SyncTests.m */; };
		8B022EF1185E218100E9E01A /* MTVSyncOperation.m in Sources */ = {isa = PBXBuildFile; fileRef = 8B022EF0185E218100E9E01A /* MTVSyncOperation.m */; };
		8B022EF4185EBC4E00E9E01A /* MTVAPI.m in Sources */ = {isa = PBXBuildFile; fileRef = 8B022EF3185EBC4E00E9E01A /* MTVAPI.m */; };
		8BBDA594185FE801004323FF /* MTVDatastore.m in Sources */ = {isa = PBXBuildFile; fileRef = 8BBDA593185FE801004323FF /* MTVDatastore.m */; };
		8BBDA597185FF503004323FF /* MTVLyricCell.m in Sources */ = {isa = PBXBuildFile; fileRef = 8BBDA596185FF503004323FF /* MTVLyricCell.m */; };
/* End PBXBuildFile section */

/* Begin PBXContainerItemProxy section */
		8B022EDD185D638000E9E01A /* PBXContainerItemProxy */ = {
			isa = PBXContainerItemProxy;
			containerPortal = 8B022EAF185D637E00E9E01A /* Project object */;
			proxyType = 1;
			remoteGlobalIDString = 8B022EB6185D637F00E9E01A;
			remoteInfo = "N'Sync";
		};
/* End PBXContainerItemProxy section */

/* Begin PBXFileReference section */
		8B022EB7185D637F00E9E01A /* N'Sync.app */ = {isa = PBXFileReference; explicitFileType = wrapper.application; includeInIndex = 0; path = "N'Sync.app"; sourceTree = BUILT_PRODUCTS_DIR; };
		8B022EBA185D637F00E9E01A /* Foundation.framework */ = {isa = PBXFileReference; lastKnownFileType = wrapper.framework; name = Foundation.framework; path = System/Library/Frameworks/Foundation.framework; sourceTree = SDKROOT; };
		8B022EBC185D637F00E9E01A /* CoreGraphics.framework */ = {isa = PBXFileReference; lastKnownFileType = wrapper.framework; name = CoreGraphics.framework; path = System/Library/Frameworks/CoreGraphics.framework; sourceTree = SDKROOT; };
		8B022EBE185D637F00E9E01A /* UIKit.framework */ = {isa = PBXFileReference; lastKnownFileType = wrapper.framework; name = UIKit.framework; path = System/Library/Frameworks/UIKit.framework; sourceTree = SDKROOT; };
		8B022EC2185D637F00E9E01A /* N'Sync-Info.plist */ = {isa = PBXFileReference; lastKnownFileType = text.plist.xml; path = "N'Sync-Info.plist"; sourceTree = "<group>"; };
		8B022EC4185D637F00E9E01A /* en */ = {isa = PBXFileReference; lastKnownFileType = text.plist.strings; name = en; path = en.lproj/InfoPlist.strings; sourceTree = "<group>"; };
		8B022EC6185D637F00E9E01A /* main.m */ = {isa = PBXFileReference; lastKnownFileType = sourcecode.c.objc; path = main.m; sourceTree = "<group>"; };
		8B022EC8185D637F00E9E01A /* N'Sync-Prefix.pch */ = {isa = PBXFileReference; lastKnownFileType = sourcecode.c.h; path = "N'Sync-Prefix.pch"; sourceTree = "<group>"; };
		8B022EC9185D638000E9E01A /* MTVAppDelegate.h */ = {isa = PBXFileReference; lastKnownFileType = sourcecode.c.h; path = MTVAppDelegate.h; sourceTree = "<group>"; };
		8B022ECA185D638000E9E01A /* MTVAppDelegate.m */ = {isa = PBXFileReference; lastKnownFileType = sourcecode.c.objc; path = MTVAppDelegate.m; sourceTree = "<group>"; };
		8B022ECD185D638000E9E01A /* Base */ = {isa = PBXFileReference; lastKnownFileType = file.storyboard; name = Base; path = Base.lproj/Main.storyboard; sourceTree = "<group>"; };
		8B022ECF185D638000E9E01A /* MTVViewController.h */ = {isa = PBXFileReference; lastKnownFileType = sourcecode.c.h; path = MTVViewController.h; sourceTree = "<group>"; };
		8B022ED0185D638000E9E01A /* MTVViewController.m */ = {isa = PBXFileReference; lastKnownFileType = sourcecode.c.objc; path = MTVViewController.m; sourceTree = "<group>"; };
		8B022ED2185D638000E9E01A /* Images.xcassets */ = {isa = PBXFileReference; lastKnownFileType = folder.assetcatalog; path = Images.xcassets; sourceTree = "<group>"; };
		8B022ED8185D638000E9E01A /* N'SyncTests.xctest */ = {isa = PBXFileReference; explicitFileType = wrapper.cfbundle; includeInIndex = 0; path = "N'SyncTests.xctest"; sourceTree = BUILT_PRODUCTS_DIR; };
		8B022ED9185D638000E9E01A /* XCTest.framework */ = {isa = PBXFileReference; lastKnownFileType = wrapper.framework; name = XCTest.framework; path = Library/Frameworks/XCTest.framework; sourceTree = DEVELOPER_DIR; };
		8B022EE1185D638000E9E01A /* N'SyncTests-Info.plist */ = {isa = PBXFileReference; lastKnownFileType = text.plist.xml; path = "N'SyncTests-Info.plist"; sourceTree = "<group>"; };
		8B022EE3185D638000E9E01A /* en */ = {isa = PBXFileReference; lastKnownFileType = text.plist.strings; name = en; path = en.lproj/InfoPlist.strings; sourceTree = "<group>"; };
		8B022EE5185D638000E9E01A /* N_SyncTests.m */ = {isa = PBXFileReference; lastKnownFileType = sourcecode.c.objc; path = N_SyncTests.m; sourceTree = "<group>"; };
		8B022EEF185E218100E9E01A /* MTVSyncOperation.h */ = {isa = PBXFileReference; fileEncoding = 4; lastKnownFileType = sourcecode.c.h; path = MTVSyncOperation.h; sourceTree = "<group>"; };
		8B022EF0185E218100E9E01A /* MTVSyncOperation.m */ = {isa = PBXFileReference; fileEncoding = 4; lastKnownFileType = sourcecode.c.objc; path = MTVSyncOperation.m; sourceTree = "<group>"; };
		8B022EF2185EBC4E00E9E01A /* MTVAPI.h */ = {isa = PBXFileReference; fileEncoding = 4; lastKnownFileType = sourcecode.c.h; path = MTVAPI.h; sourceTree = "<group>"; };
		8B022EF3185EBC4E00E9E01A /* MTVAPI.m */ = {isa = PBXFileReference; fileEncoding = 4; lastKnownFileType = sourcecode.c.objc; path = MTVAPI.m; sourceTree = "<group>"; };
		8BBDA592185FE801004323FF /* MTVDatastore.h */ = {isa = PBXFileReference; fileEncoding = 4; lastKnownFileType = sourcecode.c.h; path = MTVDatastore.h; sourceTree = "<group>"; };
		8BBDA593185FE801004323FF /* MTVDatastore.m */ = {isa = PBXFileReference; fileEncoding = 4; lastKnownFileType = sourcecode.c.objc; path = MTVDatastore.m; sourceTree = "<group>"; };
		8BBDA595185FF503004323FF /* MTVLyricCell.h */ = {isa = PBXFileReference; fileEncoding = 4; lastKnownFileType = sourcecode.c.h; path = MTVLyricCell.h; sourceTree = "<group>"; };
		8BBDA596185FF503004323FF /* MTVLyricCell.m */ = {isa = PBXFileReference; fileEncoding = 4; lastKnownFileType = sourcecode.c.objc; path = MTVLyricCell.m; sourceTree = "<group>"; };
/* End PBXFileReference section */

/* Begin PBXFrameworksBuildPhase section */
		8B022EB4185D637F00E9E01A /* Frameworks */ = {
			isa = PBXFrameworksBuildPhase;
			buildActionMask = 2147483647;
			files = (
				8B022EBD185D637F00E9E01A /* CoreGraphics.framework in Frameworks */,
				8B022EBF185D637F00E9E01A /* UIKit.framework in Frameworks */,
				8B022EBB185D637F00E9E01A /* Foundation.framework in Frameworks */,
			);
			runOnlyForDeploymentPostprocessing = 0;
		};
		8B022ED5185D638000E9E01A /* Frameworks */ = {
			isa = PBXFrameworksBuildPhase;
			buildActionMask = 2147483647;
			files = (
				8B022EDA185D638000E9E01A /* XCTest.framework in Frameworks */,
				8B022EDC185D638000E9E01A /* UIKit.framework in Frameworks */,
				8B022EDB185D638000E9E01A /* Foundation.framework in Frameworks */,
			);
			runOnlyForDeploymentPostprocessing = 0;
		};
/* End PBXFrameworksBuildPhase section */

/* Begin PBXGroup section */
		8B022EAE185D637E00E9E01A = {
			isa = PBXGroup;
			children = (
				8B022EC0185D637F00E9E01A /* N'Sync */,
				8B022EDF185D638000E9E01A /* N'SyncTests */,
				8B022EB9185D637F00E9E01A /* Frameworks */,
				8B022EB8185D637F00E9E01A /* Products */,
			);
			sourceTree = "<group>";
		};
		8B022EB8185D637F00E9E01A /* Products */ = {
			isa = PBXGroup;
			children = (
				8B022EB7185D637F00E9E01A /* N'Sync.app */,
				8B022ED8185D638000E9E01A /* N'SyncTests.xctest */,
			);
			name = Products;
			sourceTree = "<group>";
		};
		8B022EB9185D637F00E9E01A /* Frameworks */ = {
			isa = PBXGroup;
			children = (
				8B022EBA185D637F00E9E01A /* Foundation.framework */,
				8B022EBC185D637F00E9E01A /* CoreGraphics.framework */,
				8B022EBE185D637F00E9E01A /* UIKit.framework */,
				8B022ED9185D638000E9E01A /* XCTest.framework */,
			);
			name = Frameworks;
			sourceTree = "<group>";
		};
		8B022EC0185D637F00E9E01A /* N'Sync */ = {
			isa = PBXGroup;
			children = (
				8B022EC9185D638000E9E01A /* MTVAppDelegate.h */,
				8B022ECA185D638000E9E01A /* MTVAppDelegate.m */,
				8B022EEF185E218100E9E01A /* MTVSyncOperation.h */,
				8B022EF0185E218100E9E01A /* MTVSyncOperation.m */,
				8B022ECC185D638000E9E01A /* Main.storyboard */,
				8B022ECF185D638000E9E01A /* MTVViewController.h */,
				8B022ED0185D638000E9E01A /* MTVViewController.m */,
				8B022EF2185EBC4E00E9E01A /* MTVAPI.h */,
				8B022EF3185EBC4E00E9E01A /* MTVAPI.m */,
				8BBDA592185FE801004323FF /* MTVDatastore.h */,
				8BBDA593185FE801004323FF /* MTVDatastore.m */,
				8BBDA595185FF503004323FF /* MTVLyricCell.h */,
				8BBDA596185FF503004323FF /* MTVLyricCell.m */,
				8B022ED2185D638000E9E01A /* Images.xcassets */,
				8B022EC1185D637F00E9E01A /* Supporting Files */,
			);
			path = "N'Sync";
			sourceTree = "<group>";
		};
		8B022EC1185D637F00E9E01A /* Supporting Files */ = {
			isa = PBXGroup;
			children = (
				8B022EC2185D637F00E9E01A /* N'Sync-Info.plist */,
				8B022EC3185D637F00E9E01A /* InfoPlist.strings */,
				8B022EC6185D637F00E9E01A /* main.m */,
				8B022EC8185D637F00E9E01A /* N'Sync-Prefix.pch */,
			);
			name = "Supporting Files";
			sourceTree = "<group>";
		};
		8B022EDF185D638000E9E01A /* N'SyncTests */ = {
			isa = PBXGroup;
			children = (
				8B022EE5185D638000E9E01A /* N_SyncTests.m */,
				8B022EE0185D638000E9E01A /* Supporting Files */,
			);
			path = "N'SyncTests";
			sourceTree = "<group>";
		};
		8B022EE0185D638000E9E01A /* Supporting Files */ = {
			isa = PBXGroup;
			children = (
				8B022EE1185D638000E9E01A /* N'SyncTests-Info.plist */,
				8B022EE2185D638000E9E01A /* InfoPlist.strings */,
			);
			name = "Supporting Files";
			sourceTree = "<group>";
		};
/* End PBXGroup section */

/* Begin PBXNativeTarget section */
		8B022EB6185D637F00E9E01A /* N'Sync */ = {
			isa = PBXNativeTarget;
			buildConfigurationList = 8B022EE9185D638000E9E01A /* Build configuration list for PBXNativeTarget "N'Sync" */;
			buildPhases = (
				8B022EB3185D637F00E9E01A /* Sources */,
				8B022EB4185D637F00E9E01A /* Frameworks */,
				8B022EB5185D637F00E9E01A /* Resources */,
			);
			buildRules = (
			);
			dependencies = (
			);
			name = "N'Sync";
			productName = "N'Sync";
			productReference = 8B022EB7185D637F00E9E01A /* N'Sync.app */;
			productType = "com.apple.product-type.application";
		};
		8B022ED7185D638000E9E01A /* N'SyncTests */ = {
			isa = PBXNativeTarget;
			buildConfigurationList = 8B022EEC185D638000E9E01A /* Build configuration list for PBXNativeTarget "N'SyncTests" */;
			buildPhases = (
				8B022ED4185D638000E9E01A /* Sources */,
				8B022ED5185D638000E9E01A /* Frameworks */,
				8B022ED6185D638000E9E01A /* Resources */,
			);
			buildRules = (
			);
			dependencies = (
				8B022EDE185D638000E9E01A /* PBXTargetDependency */,
			);
			name = "N'SyncTests";
			productName = "N'SyncTests";
			productReference = 8B022ED8185D638000E9E01A /* N'SyncTests.xctest */;
			productType = "com.apple.product-type.bundle.unit-test";
		};
/* End PBXNativeTarget section */

/* Begin PBXProject section */
		8B022EAF185D637E00E9E01A /* Project object */ = {
			isa = PBXProject;
			attributes = {
				CLASSPREFIX = MTV;
				LastUpgradeCheck = 0500;
				TargetAttributes = {
					8B022EB6185D637F00E9E01A = {
						SystemCapabilities = {
							com.apple.BackgroundModes = {
								enabled = 1;
							};
						};
					};
					8B022ED7185D638000E9E01A = {
						TestTargetID = 8B022EB6185D637F00E9E01A;
					};
				};
			};
			buildConfigurationList = 8B022EB2185D637E00E9E01A /* Build configuration list for PBXProject "N'Sync" */;
			compatibilityVersion = "Xcode 3.2";
			developmentRegion = English;
			hasScannedForEncodings = 0;
			knownRegions = (
				en,
				Base,
			);
			mainGroup = 8B022EAE185D637E00E9E01A;
			productRefGroup = 8B022EB8185D637F00E9E01A /* Products */;
			projectDirPath = "";
			projectRoot = "";
			targets = (
				8B022EB6185D637F00E9E01A /* N'Sync */,
				8B022ED7185D638000E9E01A /* N'SyncTests */,
			);
		};
/* End PBXProject section */

/* Begin PBXResourcesBuildPhase section */
		8B022EB5185D637F00E9E01A /* Resources */ = {
			isa = PBXResourcesBuildPhase;
			buildActionMask = 2147483647;
			files = (
				8B022ED3185D638000E9E01A /* Images.xcassets in Resources */,
				8B022EC5185D637F00E9E01A /* InfoPlist.strings in Resources */,
				8B022ECE185D638000E9E01A /* Main.storyboard in Resources */,
			);
			runOnlyForDeploymentPostprocessing = 0;
		};
		8B022ED6185D638000E9E01A /* Resources */ = {
			isa = PBXResourcesBuildPhase;
			buildActionMask = 2147483647;
			files = (
				8B022EE4185D638000E9E01A /* InfoPlist.strings in Resources */,
			);
			runOnlyForDeploymentPostprocessing = 0;
		};
/* End PBXResourcesBuildPhase section */

/* Begin PBXSourcesBuildPhase section */
		8B022EB3185D637F00E9E01A /* Sources */ = {
			isa = PBXSourcesBuildPhase;
			buildActionMask = 2147483647;
			files = (
				8B022EF4185EBC4E00E9E01A /* MTVAPI.m in Sources */,
				8BBDA594185FE801004323FF /* MTVDatastore.m in Sources */,
				8B022ECB185D638000E9E01A /* MTVAppDelegate.m in Sources */,
				8B022ED1185D638000E9E01A /* MTVViewController.m in Sources */,
				8BBDA597185FF503004323FF /* MTVLyricCell.m in Sources */,
				8B022EF1185E218100E9E01A /* MTVSyncOperation.m in Sources */,
				8B022EC7185D637F00E9E01A /* main.m in Sources */,
			);
			runOnlyForDeploymentPostprocessing = 0;
		};
		8B022ED4185D638000E9E01A /* Sources */ = {
			isa = PBXSourcesBuildPhase;
			buildActionMask = 2147483647;
			files = (
				8B022EE6185D638000E9E01A /* N_SyncTests.m in Sources */,
			);
			runOnlyForDeploymentPostprocessing = 0;
		};
/* End PBXSourcesBuildPhase section */

/* Begin PBXTargetDependency section */
		8B022EDE185D638000E9E01A /* PBXTargetDependency */ = {
			isa = PBXTargetDependency;
			target = 8B022EB6185D637F00E9E01A /* N'Sync */;
			targetProxy = 8B022EDD185D638000E9E01A /* PBXContainerItemProxy */;
		};
/* End PBXTargetDependency section */

/* Begin PBXVariantGroup section */
		8B022EC3185D637F00E9E01A /* InfoPlist.strings */ = {
			isa = PBXVariantGroup;
			children = (
				8B022EC4185D637F00E9E01A /* en */,
			);
			name = InfoPlist.strings;
			sourceTree = "<group>";
		};
		8B022ECC185D638000E9E01A /* Main.storyboard */ = {
			isa = PBXVariantGroup;
			children = (
				8B022ECD185D638000E9E01A /* Base */,
			);
			name = Main.storyboard;
			sourceTree = "<group>";
		};
		8B022EE2185D638000E9E01A /* InfoPlist.strings */ = {
			isa = PBXVariantGroup;
			children = (
				8B022EE3185D638000E9E01A /* en */,
			);
			name = InfoPlist.strings;
			sourceTree = "<group>";
		};
/* End PBXVariantGroup section */

/* Begin XCBuildConfiguration section */
		8B022EE7185D638000E9E01A /* Debug */ = {
			isa = XCBuildConfiguration;
			buildSettings = {
				ALWAYS_SEARCH_USER_PATHS = NO;
				ARCHS = "$(ARCHS_STANDARD_INCLUDING_64_BIT)";
				CLANG_CXX_LANGUAGE_STANDARD = "gnu++0x";
				CLANG_CXX_LIBRARY = "libc++";
				CLANG_ENABLE_MODULES = YES;
				CLANG_ENABLE_OBJC_ARC = YES;
				CLANG_WARN_BOOL_CONVERSION = YES;
				CLANG_WARN_CONSTANT_CONVERSION = YES;
				CLANG_WARN_DIRECT_OBJC_ISA_USAGE = YES_ERROR;
				CLANG_WARN_EMPTY_BODY = YES;
				CLANG_WARN_ENUM_CONVERSION = YES;
				CLANG_WARN_INT_CONVERSION = YES;
				CLANG_WARN_OBJC_ROOT_CLASS = YES_ERROR;
				CLANG_WARN__DUPLICATE_METHOD_MATCH = YES;
				"CODE_SIGN_IDENTITY[sdk=iphoneos*]" = "iPhone Developer";
				COPY_PHASE_STRIP = NO;
				GCC_C_LANGUAGE_STANDARD = gnu99;
				GCC_DYNAMIC_NO_PIC = NO;
				GCC_OPTIMIZATION_LEVEL = 0;
				GCC_PREPROCESSOR_DEFINITIONS = (
					"DEBUG=1",
					"$(inherited)",
				);
				GCC_SYMBOLS_PRIVATE_EXTERN = NO;
				GCC_WARN_64_TO_32_BIT_CONVERSION = YES;
				GCC_WARN_ABOUT_RETURN_TYPE = YES_ERROR;
				GCC_WARN_UNDECLARED_SELECTOR = YES;
				GCC_WARN_UNINITIALIZED_AUTOS = YES;
				GCC_WARN_UNUSED_FUNCTION = YES;
				GCC_WARN_UNUSED_VARIABLE = YES;
				IPHONEOS_DEPLOYMENT_TARGET = 7.0;
				ONLY_ACTIVE_ARCH = YES;
				SDKROOT = iphoneos;
			};
			name = Debug;
		};
		8B022EE8185D638000E9E01A /* Release */ = {
			isa = XCBuildConfiguration;
			buildSettings = {
				ALWAYS_SEARCH_USER_PATHS = NO;
				ARCHS = "$(ARCHS_STANDARD_INCLUDING_64_BIT)";
				CLANG_CXX_LANGUAGE_STANDARD = "gnu++0x";
				CLANG_CXX_LIBRARY = "libc++";
				CLANG_ENABLE_MODULES = YES;
				CLANG_ENABLE_OBJC_ARC = YES;
				CLANG_WARN_BOOL_CONVERSION = YES;
				CLANG_WARN_CONSTANT_CONVERSION = YES;
				CLANG_WARN_DIRECT_OBJC_ISA_USAGE = YES_ERROR;
				CLANG_WARN_EMPTY_BODY = YES;
				CLANG_WARN_ENUM_CONVERSION = YES;
				CLANG_WARN_INT_CONVERSION = YES;
				CLANG_WARN_OBJC_ROOT_CLASS = YES_ERROR;
				CLANG_WARN__DUPLICATE_METHOD_MATCH = YES;
				"CODE_SIGN_IDENTITY[sdk=iphoneos*]" = "iPhone Developer";
				COPY_PHASE_STRIP = YES;
				ENABLE_NS_ASSERTIONS = NO;
				GCC_C_LANGUAGE_STANDARD = gnu99;
				GCC_WARN_64_TO_32_BIT_CONVERSION = YES;
				GCC_WARN_ABOUT_RETURN_TYPE = YES_ERROR;
				GCC_WARN_UNDECLARED_SELECTOR = YES;
				GCC_WARN_UNINITIALIZED_AUTOS = YES;
				GCC_WARN_UNUSED_FUNCTION = YES;
				GCC_WARN_UNUSED_VARIABLE = YES;
				IPHONEOS_DEPLOYMENT_TARGET = 7.0;
				SDKROOT = iphoneos;
				VALIDATE_PRODUCT = YES;
			};
			name = Release;
		};
		8B022EEA185D638000E9E01A /* Debug */ = {
			isa = XCBuildConfiguration;
			buildSettings = {
				ASSETCATALOG_COMPILER_APPICON_NAME = AppIcon;
				ASSETCATALOG_COMPILER_LAUNCHIMAGE_NAME = LaunchImage;
				GCC_PRECOMPILE_PREFIX_HEADER = YES;
				GCC_PREFIX_HEADER = "N'Sync/N'Sync-Prefix.pch";
				INFOPLIST_FILE = "N'Sync/N'Sync-Info.plist";
				PRODUCT_NAME = "$(TARGET_NAME)";
				WRAPPER_EXTENSION = app;
			};
			name = Debug;
		};
		8B022EEB185D638000E9E01A /* Release */ = {
			isa = XCBuildConfiguration;
			buildSettings = {
				ASSETCATALOG_COMPILER_APPICON_NAME = AppIcon;
				ASSETCATALOG_COMPILER_LAUNCHIMAGE_NAME = LaunchImage;
				GCC_PRECOMPILE_PREFIX_HEADER = YES;
				GCC_PREFIX_HEADER = "N'Sync/N'Sync-Prefix.pch";
				INFOPLIST_FILE = "N'Sync/N'Sync-Info.plist";
				PRODUCT_NAME = "$(TARGET_NAME)";
				WRAPPER_EXTENSION = app;
			};
			name = Release;
		};
		8B022EED185D638000E9E01A /* Debug */ = {
			isa = XCBuildConfiguration;
			buildSettings = {
				ARCHS = "$(ARCHS_STANDARD_INCLUDING_64_BIT)";
				BUNDLE_LOADER = "$(BUILT_PRODUCTS_DIR)/N'Sync.app/N'Sync";
				FRAMEWORK_SEARCH_PATHS = (
					"$(SDKROOT)/Developer/Library/Frameworks",
					"$(inherited)",
					"$(DEVELOPER_FRAMEWORKS_DIR)",
				);
				GCC_PRECOMPILE_PREFIX_HEADER = YES;
				GCC_PREFIX_HEADER = "N'Sync/N'Sync-Prefix.pch";
				GCC_PREPROCESSOR_DEFINITIONS = (
					"DEBUG=1",
					"$(inherited)",
				);
				INFOPLIST_FILE = "N'SyncTests/N'SyncTests-Info.plist";
				PRODUCT_NAME = "$(TARGET_NAME)";
				TEST_HOST = "$(BUNDLE_LOADER)";
				WRAPPER_EXTENSION = xctest;
			};
			name = Debug;
		};
		8B022EEE185D638000E9E01A /* Release */ = {
			isa = XCBuildConfiguration;
			buildSettings = {
				ARCHS = "$(ARCHS_STANDARD_INCLUDING_64_BIT)";
				BUNDLE_LOADER = "$(BUILT_PRODUCTS_DIR)/N'Sync.app/N'Sync";
				FRAMEWORK_SEARCH_PATHS = (
					"$(SDKROOT)/Developer/Library/Frameworks",
					"$(inherited)",
					"$(DEVELOPER_FRAMEWORKS_DIR)",
				);
				GCC_PRECOMPILE_PREFIX_HEADER = YES;
				GCC_PREFIX_HEADER = "N'Sync/N'Sync-Prefix.pch";
				INFOPLIST_FILE = "N'SyncTests/N'SyncTests-Info.plist";
				PRODUCT_NAME = "$(TARGET_NAME)";
				TEST_HOST = "$(BUNDLE_LOADER)";
				WRAPPER_EXTENSION = xctest;
			};
			name = Release;
		};
/* End XCBuildConfiguration section */

/* Begin XCConfigurationList section */
		8B022EB2185D637E00E9E01A /* Build configuration list for PBXProject "N'Sync" */ = {
			isa = XCConfigurationList;
			buildConfigurations = (
				8B022EE7185D638000E9E01A /* Debug */,
				8B022EE8185D638000E9E01A /* Release */,
			);
			defaultConfigurationIsVisible = 0;
			defaultConfigurationName = Release;
		};
		8B022EE9185D638000E9E01A /* Build configuration list for PBXNativeTarget "N'Sync" */ = {
			isa = XCConfigurationList;
			buildConfigurations = (
				8B022EEA185D638000E9E01A /* Debug */,
				8B022EEB185D638000E9E01A /* Release */,
			);
			defaultConfigurationIsVisible = 0;
			defaultConfigurationName = Release;
		};
		8B022EEC185D638000E9E01A /* Build configuration list for PBXNativeTarget "N'SyncTests" */ = {
			isa = XCConfigurationList;
			buildConfigurations = (
				8B022EED185D638000E9E01A /* Debug */,
				8B022EEE185D638000E9E01A /* Release */,
			);
			defaultConfigurationIsVisible = 0;
			defaultConfigurationName = Release;
		};
/* End XCConfigurationList section */
	};
	rootObject = 8B022EAF185D637E00E9E01A /* Project object */;
}
